
Microsoft Visual Studio Solution File, Format Version 12.00
# Visual Studio 15
VisualStudioVersion = 15.0.28010.0
MinimumVisualStudioVersion = 10.0.40219.1
Project("{FAE04EC0-301F-11D3-BF4B-00C04F79EFBC}") = "LINQdList", "LINQdList\LINQdList.csproj", "{59E3B4AC-706C-4EEA-8DC1-8667F7383050}"
EndProject
Global
	GlobalSection(SolutionConfigurationPlatforms) = preSolution
		Debug|Any CPU = Debug|Any CPU
		Release|Any CPU = Release|Any CPU
	EndGlobalSection
	GlobalSection(ProjectConfigurationPlatforms) = postSolution
		{59E3B4AC-706C-4EEA-8DC1-8667F7383050}.Debug|Any CPU.ActiveCfg = Debug|Any CPU
		{59E3B4AC-706C-4EEA-8DC1-8667F7383050}.Debug|Any CPU.Build.0 = Debug|Any CPU
		{59E3B4AC-706C-4EEA-8DC1-8667F7383050}.Release|Any CPU.ActiveCfg = Release|Any CPU
		{59E3B4AC-706C-4EEA-8DC1-8667F7383050}.Release|Any CPU.Build.0 = Release|Any CPU
	EndGlobalSection
	GlobalSection(SolutionProperties) = preSolution
		HideSolutionNode = FALSE
	EndGlobalSection
	GlobalSection(ExtensibilityGlobals) = postSolution
		SolutionGuid = {E4BC83F0-193D-486B-A358-F7D181E4A4C0}
	EndGlobalSection
EndGlobal
